
Microsoft Visual Studio Solution File, Format Version 12.00
# 
VisualStudioVersion = 17.5.002.0
MinimumVisualStudioVersion = 
Project("{FAE04EC0-301F-11D3-BF4B-00C04F79EFBC}") = "VertexLibrary", "VertexLibrary\VertexLibrary.csproj", "{F5E25350-28B6-4E21-9BDA-5EDA15E29843}"
EndProject
Global
	GlobalSection(SolutionConfigurationPlatforms) = preSolution
		Release|Any CPU = Release|Any CPU
	EndGlobalSection
	GlobalSection(ProjectConfigurationPlatforms) = postSolution
		{F5E25350-28B6-4E21-9BDA-5EDA15E29843}.Release|Any CPU.ActiveCfg = Release|Any CPU
		{F5E25350-28B6-4E21-9BDA-5EDA15E29843}.Release|Any CPU.Build.0 = Release|Any CPU
	EndGlobalSection
	GlobalSection(SolutionProperties) = preSolution
		HideSolutionNode = FALSE
	EndGlobalSection
EndGlobal
